
Microsoft Visual Studio Solution File, Format Version 12.00
# Visual Studio Version 16
VisualStudioVersion = 16.0.30011.22
MinimumVisualStudioVersion = 10.0.40219.1
Project("{FAE04EC0-301F-11D3-BF4B-00C04F79EFBC}") = "MioBarber", "MioBarber\MioBarber.csproj", "{51B572AF-7F0E-4954-BB47-E8F105F62654}"
EndProject
Global
	GlobalSection(SolutionConfigurationPlatforms) = preSolution
		Debug|Any CPU = Debug|Any CPU
		Release|Any CPU = Release|Any CPU
	EndGlobalSection
	GlobalSection(ProjectConfigurationPlatforms) = postSolution
		{51B572AF-7F0E-4954-BB47-E8F105F62654}.Debug|Any CPU.ActiveCfg = Debug|Any CPU
		{51B572AF-7F0E-4954-BB47-E8F105F62654}.Debug|Any CPU.Build.0 = Debug|Any CPU
		{51B572AF-7F0E-4954-BB47-E8F105F62654}.Release|Any CPU.ActiveCfg = Release|Any CPU
		{51B572AF-7F0E-4954-BB47-E8F105F62654}.Release|Any CPU.Build.0 = Release|Any CPU
	EndGlobalSection
	GlobalSection(SolutionProperties) = preSolution
		HideSolutionNode = FALSE
	EndGlobalSection
	GlobalSection(ExtensibilityGlobals) = postSolution
		SolutionGuid = {CE3AA693-7998-4AFB-A9BE-930CB8E6916C}
	EndGlobalSection
EndGlobal
